// !$*UTF8*$!
{
	archiveVersion = 1;
	classes = {
	};
	objectVersion = 50;
	objects = {

/* Begin PBXBuildFile section */
		4E22FD392542E8A800740524 /* AdSupport.framework in Frameworks */ = {isa = PBXBuildFile; fileRef = 4E22FD382542E8A800740524 /* AdSupport.framework */; };
		4E22FD3B2542E8BC00740524 /* JavaScriptCore.framework in Frameworks */ = {isa = PBXBuildFile; fileRef = 4E22FD3A2542E8BC00740524 /* JavaScriptCore.framework */; };
		4E22FD3D2542E8CF00740524 /* WebKit.framework in Frameworks */ = {isa = PBXBuildFile; fileRef = 4E22FD3C2542E8CF00740524 /* WebKit.framework */; };
		827F6C8B254020E100715DB3 /* FtcMobileAds.framework in Frameworks */ = {isa = PBXBuildFile; fileRef = 827F6C89254020AC00715DB3 /* FtcMobileAds.framework */; };
		827F6C8C254020E100715DB3 /* FtcMobileAds.framework in Embed Frameworks */ = {isa = PBXBuildFile; fileRef = 827F6C89254020AC00715DB3 /* FtcMobileAds.framework */; settings = {ATTRIBUTES = (CodeSignOnCopy, RemoveHeadersOnCopy, ); }; };
		82D0DB7525398D9900B242E0 /* AppDelegate.m in Sources */ = {isa = PBXBuildFile; fileRef = 82D0DB7425398D9900B242E0 /* AppDelegate.m */; };
		82D0DB7B25398D9900B242E0 /* ViewController.m in Sources */ = {isa = PBXBuildFile; fileRef = 82D0DB7A25398D9900B242E0 /* ViewController.m */; };
		82D0DB7E25398D9900B242E0 /* Main.storyboard in Resources */ = {isa = PBXBuildFile; fileRef = 82D0DB7C25398D9900B242E0 /* Main.storyboard */; };
		82D0DB8025398D9A00B242E0 /* Assets.xcassets in Resources */ = {isa = PBXBuildFile; fileRef = 82D0DB7F25398D9A00B242E0 /* Assets.xcassets */; };
		82D0DB8325398D9A00B242E0 /* LaunchScreen.storyboard in Resources */ = {isa = PBXBuildFile; fileRef = 82D0DB8125398D9A00B242E0 /* LaunchScreen.storyboard */; };
		82D0DB8625398D9A00B242E0 /* main.m in Sources */ = {isa = PBXBuildFile; fileRef = 82D0DB8525398D9A00B242E0 /* main.m */; };
/* End PBXBuildFile section */

/* Begin PBXCopyFilesBuildPhase section */
		827F6C8D254020E100715DB3 /* Embed Frameworks */ = {
			isa = PBXCopyFilesBuildPhase;
			buildActionMask = 2147483647;
			dstPath = "";
			dstSubfolderSpec = 10;
			files = (
				827F6C8C254020E100715DB3 /* FtcMobileAds.framework in Embed Frameworks */,
			);
			name = "Embed Frameworks";
			runOnlyForDeploymentPostprocessing = 0;
		};
/* End PBXCopyFilesBuildPhase section */

/* Begin PBXFileReference section */
		4E22FD382542E8A800740524 /* AdSupport.framework */ = {isa = PBXFileReference; lastKnownFileType = wrapper.framework; name = AdSupport.framework; path = System/Library/Frameworks/AdSupport.framework; sourceTree = SDKROOT; };
		4E22FD3A2542E8BC00740524 /* JavaScriptCore.framework */ = {isa = PBXFileReference; lastKnownFileType = wrapper.framework; name = JavaScriptCore.framework; path = System/Library/Frameworks/JavaScriptCore.framework; sourceTree = SDKROOT; };
		4E22FD3C2542E8CF00740524 /* WebKit.framework */ = {isa = PBXFileReference; lastKnownFileType = wrapper.framework; name = WebKit.framework; path = System/Library/Frameworks/WebKit.framework; sourceTree = SDKROOT; };
		827F6C89254020AC00715DB3 /* FtcMobileAds.framework */ = {isa = PBXFileReference; lastKnownFileType = wrapper.framework; path = FtcMobileAds.framework; sourceTree = "<group>"; };
		82D0DB7025398D9900B242E0 /* FtcMobileAdsExample.app */ = {isa = PBXFileReference; explicitFileType = wrapper.application; includeInIndex = 0; path = FtcMobileAdsExample.app; sourceTree = BUILT_PRODUCTS_DIR; };
		82D0DB7325398D9900B242E0 /* AppDelegate.h */ = {isa = PBXFileReference; lastKnownFileType = sourcecode.c.h; path = AppDelegate.h; sourceTree = "<group>"; };
		82D0DB7425398D9900B242E0 /* AppDelegate.m */ = {isa = PBXFileReference; lastKnownFileType = sourcecode.c.objc; path = AppDelegate.m; sourceTree = "<group>"; };
		82D0DB7925398D9900B242E0 /* ViewController.h */ = {isa = PBXFileReference; lastKnownFileType = sourcecode.c.h; path = ViewController.h; sourceTree = "<group>"; };
		82D0DB7A25398D9900B242E0 /* ViewController.m */ = {isa = PBXFileReference; lastKnownFileType = sourcecode.c.objc; path = ViewController.m; sourceTree = "<group>"; };
		82D0DB7D25398D9900B242E0 /* Base */ = {isa = PBXFileReference; lastKnownFileType = file.storyboard; name = Base; path = Base.lproj/Main.storyboard; sourceTree = "<group>"; };
		82D0DB7F25398D9A00B242E0 /* Assets.xcassets */ = {isa = PBXFileReference; lastKnownFileType = folder.assetcatalog; path = Assets.xcassets; sourceTree = "<group>"; };
		82D0DB8225398D9A00B242E0 /* Base */ = {isa = PBXFileReference; lastKnownFileType = file.storyboard; name = Base; path = Base.lproj/LaunchScreen.storyboard; sourceTree = "<group>"; };
		82D0DB8425398D9A00B242E0 /* Info.plist */ = {isa = PBXFileReference; lastKnownFileType = text.plist.xml; path = Info.plist; sourceTree = "<group>"; };
		82D0DB8525398D9A00B242E0 /* main.m */ = {isa = PBXFileReference; lastKnownFileType = sourcecode.c.objc; path = main.m; sourceTree = "<group>"; };
/* End PBXFileReference section */

/* Begin PBXFrameworksBuildPhase section */
		82D0DB6D25398D9900B242E0 /* Frameworks */ = {
			isa = PBXFrameworksBuildPhase;
			buildActionMask = 2147483647;
			files = (
				4E22FD3D2542E8CF00740524 /* WebKit.framework in Frameworks */,
				4E22FD3B2542E8BC00740524 /* JavaScriptCore.framework in Frameworks */,
				4E22FD392542E8A800740524 /* AdSupport.framework in Frameworks */,
				827F6C8B254020E100715DB3 /* FtcMobileAds.framework in Frameworks */,
			);
			runOnlyForDeploymentPostprocessing = 0;
		};
/* End PBXFrameworksBuildPhase section */

/* Begin PBXGroup section */
		4E22FD372542E8A800740524 /* Frameworks */ = {
			isa = PBXGroup;
			children = (
				4E22FD3C2542E8CF00740524 /* WebKit.framework */,
				4E22FD3A2542E8BC00740524 /* JavaScriptCore.framework */,
				4E22FD382542E8A800740524 /* AdSupport.framework */,
			);
			name = Frameworks;
			sourceTree = "<group>";
		};
		82D0DB6725398D9800B242E0 = {
			isa = PBXGroup;
			children = (
				82D0DB7225398D9900B242E0 /* FtcMobileAdsExample */,
				82D0DB7125398D9900B242E0 /* Products */,
				4E22FD372542E8A800740524 /* Frameworks */,
			);
			sourceTree = "<group>";
		};
		82D0DB7125398D9900B242E0 /* Products */ = {
			isa = PBXGroup;
			children = (
				82D0DB7025398D9900B242E0 /* FtcMobileAdsExample.app */,
			);
			name = Products;
			sourceTree = "<group>";
		};
		82D0DB7225398D9900B242E0 /* FtcMobileAdsExample */ = {
			isa = PBXGroup;
			children = (
				82D0DB7325398D9900B242E0 /* AppDelegate.h */,
				82D0DB7425398D9900B242E0 /* AppDelegate.m */,
				82D0DB7925398D9900B242E0 /* ViewController.h */,
				82D0DB7A25398D9900B242E0 /* ViewController.m */,
				82D0DB7C25398D9900B242E0 /* Main.storyboard */,
				82D0DB7F25398D9A00B242E0 /* Assets.xcassets */,
				82D0DB8125398D9A00B242E0 /* LaunchScreen.storyboard */,
				82D0DB8425398D9A00B242E0 /* Info.plist */,
				82D0DB8525398D9A00B242E0 /* main.m */,
				827F6C89254020AC00715DB3 /* FtcMobileAds.framework */,
			);
			path = FtcMobileAdsExample;
			sourceTree = "<group>";
		};
/* End PBXGroup section */

/* Begin PBXNativeTarget section */
		82D0DB6F25398D9900B242E0 /* FtcMobileAdsExample */ = {
			isa = PBXNativeTarget;
			buildConfigurationList = 82D0DB8925398D9A00B242E0 /* Build configuration list for PBXNativeTarget "FtcMobileAdsExample" */;
			buildPhases = (
				82D0DB6C25398D9900B242E0 /* Sources */,
				82D0DB6D25398D9900B242E0 /* Frameworks */,
				82D0DB6E25398D9900B242E0 /* Resources */,
				827F6C8D254020E100715DB3 /* Embed Frameworks */,
			);
			buildRules = (
			);
			dependencies = (
			);
			name = FtcMobileAdsExample;
			productName = FtcMobileAdsExample;
			productReference = 82D0DB7025398D9900B242E0 /* FtcMobileAdsExample.app */;
			productType = "com.apple.product-type.application";
		};
/* End PBXNativeTarget section */

/* Begin PBXProject section */
		82D0DB6825398D9800B242E0 /* Project object */ = {
			isa = PBXProject;
			attributes = {
				LastUpgradeCheck = 1210;
				TargetAttributes = {
					82D0DB6F25398D9900B242E0 = {
						CreatedOnToolsVersion = 12.1;
					};
				};
			};
			buildConfigurationList = 82D0DB6B25398D9800B242E0 /* Build configuration list for PBXProject "FtcMobileAdsExample" */;
			compatibilityVersion = "Xcode 9.3";
			developmentRegion = en;
			hasScannedForEncodings = 0;
			knownRegions = (
				en,
				Base,
			);
			mainGroup = 82D0DB6725398D9800B242E0;
			productRefGroup = 82D0DB7125398D9900B242E0 /* Products */;
			projectDirPath = "";
			projectRoot = "";
			targets = (
				82D0DB6F25398D9900B242E0 /* FtcMobileAdsExample */,
			);
		};
/* End PBXProject section */

/* Begin PBXResourcesBuildPhase section */
		82D0DB6E25398D9900B242E0 /* Resources */ = {
			isa = PBXResourcesBuildPhase;
			buildActionMask = 2147483647;
			files = (
				82D0DB8325398D9A00B242E0 /* LaunchScreen.storyboard in Resources */,
				82D0DB8025398D9A00B242E0 /* Assets.xcassets in Resources */,
				82D0DB7E25398D9900B242E0 /* Main.storyboard in Resources */,
			);
			runOnlyForDeploymentPostprocessing = 0;
		};
/* End PBXResourcesBuildPhase section */

/* Begin PBXSourcesBuildPhase section */
		82D0DB6C25398D9900B242E0 /* Sources */ = {
			isa = PBXSourcesBuildPhase;
			buildActionMask = 2147483647;
			files = (
				82D0DB7B25398D9900B242E0 /* ViewController.m in Sources */,
				82D0DB7525398D9900B242E0 /* AppDelegate.m in Sources */,
				82D0DB8625398D9A00B242E0 /* main.m in Sources */,
			);
			runOnlyForDeploymentPostprocessing = 0;
		};
/* End PBXSourcesBuildPhase section */

/* Begin PBXVariantGroup section */
		82D0DB7C25398D9900B242E0 /* Main.storyboard */ = {
			isa = PBXVariantGroup;
			children = (
				82D0DB7D25398D9900B242E0 /* Base */,
			);
			name = Main.storyboard;
			sourceTree = "<group>";
		};
		82D0DB8125398D9A00B242E0 /* LaunchScreen.storyboard */ = {
			isa = PBXVariantGroup;
			children = (
				82D0DB8225398D9A00B242E0 /* Base */,
			);
			name = LaunchScreen.storyboard;
			sourceTree = "<group>";
		};
/* End PBXVariantGroup section */

/* Begin XCBuildConfiguration section */
		82D0DB8725398D9A00B242E0 /* Debug */ = {
			isa = XCBuildConfiguration;
			buildSettings = {
				ALWAYS_SEARCH_USER_PATHS = NO;
				CLANG_ANALYZER_NONNULL = YES;
				CLANG_ANALYZER_NUMBER_OBJECT_CONVERSION = YES_AGGRESSIVE;
				CLANG_CXX_LANGUAGE_STANDARD = "gnu++14";
				CLANG_CXX_LIBRARY = "libc++";
				CLANG_ENABLE_MODULES = YES;
				CLANG_ENABLE_OBJC_ARC = YES;
				CLANG_ENABLE_OBJC_WEAK = YES;
				CLANG_WARN_BLOCK_CAPTURE_AUTORELEASING = YES;
				CLANG_WARN_BOOL_CONVERSION = YES;
				CLANG_WARN_COMMA = YES;
				CLANG_WARN_CONSTANT_CONVERSION = YES;
				CLANG_WARN_DEPRECATED_OBJC_IMPLEMENTATIONS = YES;
				CLANG_WARN_DIRECT_OBJC_ISA_USAGE = YES_ERROR;
				CLANG_WARN_DOCUMENTATION_COMMENTS = YES;
				CLANG_WARN_EMPTY_BODY = YES;
				CLANG_WARN_ENUM_CONVERSION = YES;
				CLANG_WARN_INFINITE_RECURSION = YES;
				CLANG_WARN_INT_CONVERSION = YES;
				CLANG_WARN_NON_LITERAL_NULL_CONVERSION = YES;
				CLANG_WARN_OBJC_IMPLICIT_RETAIN_SELF = YES;
				CLANG_WARN_OBJC_LITERAL_CONVERSION = YES;
				CLANG_WARN_OBJC_ROOT_CLASS = YES_ERROR;
				CLANG_WARN_QUOTED_INCLUDE_IN_FRAMEWORK_HEADER = YES;
				CLANG_WARN_RANGE_LOOP_ANALYSIS = YES;
				CLANG_WARN_STRICT_PROTOTYPES = YES;
				CLANG_WARN_SUSPICIOUS_MOVE = YES;
				CLANG_WARN_UNGUARDED_AVAILABILITY = YES_AGGRESSIVE;
				CLANG_WARN_UNREACHABLE_CODE = YES;
				CLANG_WARN__DUPLICATE_METHOD_MATCH = YES;
				COPY_PHASE_STRIP = NO;
				DEBUG_INFORMATION_FORMAT = dwarf;
				ENABLE_STRICT_OBJC_MSGSEND = YES;
				ENABLE_TESTABILITY = YES;
				GCC_C_LANGUAGE_STANDARD = gnu11;
				GCC_DYNAMIC_NO_PIC = NO;
				GCC_NO_COMMON_BLOCKS = YES;
				GCC_OPTIMIZATION_LEVEL = 0;
				GCC_PREPROCESSOR_DEFINITIONS = (
					"DEBUG=1",
					"$(inherited)",
				);
				GCC_WARN_64_TO_32_BIT_CONVERSION = YES;
				GCC_WARN_ABOUT_RETURN_TYPE = YES_ERROR;
				GCC_WARN_UNDECLARED_SELECTOR = YES;
				GCC_WARN_UNINITIALIZED_AUTOS = YES_AGGRESSIVE;
				GCC_WARN_UNUSED_FUNCTION = YES;
				GCC_WARN_UNUSED_VARIABLE = YES;
				IPHONEOS_DEPLOYMENT_TARGET = 14.1;
				MTL_ENABLE_DEBUG_INFO = INCLUDE_SOURCE;
				MTL_FAST_MATH = YES;
				ONLY_ACTIVE_ARCH = YES;
				SDKROOT = iphoneos;
			};
			name = Debug;
		};
		82D0DB8825398D9A00B242E0 /* Release */ = {
			isa = XCBuildConfiguration;
			buildSettings = {
				ALWAYS_SEARCH_USER_PATHS = NO;
				CLANG_ANALYZER_NONNULL = YES;
				CLANG_ANALYZER_NUMBER_OBJECT_CONVERSION = YES_AGGRESSIVE;
				CLANG_CXX_LANGUAGE_STANDARD = "gnu++14";
				CLANG_CXX_LIBRARY = "libc++";
				CLANG_ENABLE_MODULES = YES;
				CLANG_ENABLE_OBJC_ARC = YES;
				CLANG_ENABLE_OBJC_WEAK = YES;
				CLANG_WARN_BLOCK_CAPTURE_AUTORELEASING = YES;
				CLANG_WARN_BOOL_CONVERSION = YES;
				CLANG_WARN_COMMA = YES;
				CLANG_WARN_CONSTANT_CONVERSION = YES;
				CLANG_WARN_DEPRECATED_OBJC_IMPLEMENTATIONS = YES;
				CLANG_WARN_DIRECT_OBJC_ISA_USAGE = YES_ERROR;
				CLANG_WARN_DOCUMENTATION_COMMENTS = YES;
				CLANG_WARN_EMPTY_BODY = YES;
				CLANG_WARN_ENUM_CONVERSION = YES;
				CLANG_WARN_INFINITE_RECURSION = YES;
				CLANG_WARN_INT_CONVERSION = YES;
				CLANG_WARN_NON_LITERAL_NULL_CONVERSION = YES;
				CLANG_WARN_OBJC_IMPLICIT_RETAIN_SELF = YES;
				CLANG_WARN_OBJC_LITERAL_CONVERSION = YES;
				CLANG_WARN_OBJC_ROOT_CLASS = YES_ERROR;
				CLANG_WARN_QUOTED_INCLUDE_IN_FRAMEWORK_HEADER = YES;
				CLANG_WARN_RANGE_LOOP_ANALYSIS = YES;
				CLANG_WARN_STRICT_PROTOTYPES = YES;
				CLANG_WARN_SUSPICIOUS_MOVE = YES;
				CLANG_WARN_UNGUARDED_AVAILABILITY = YES_AGGRESSIVE;
				CLANG_WARN_UNREACHABLE_CODE = YES;
				CLANG_WARN__DUPLICATE_METHOD_MATCH = YES;
				COPY_PHASE_STRIP = NO;
				DEBUG_INFORMATION_FORMAT = "dwarf-with-dsym";
				ENABLE_NS_ASSERTIONS = NO;
				ENABLE_STRICT_OBJC_MSGSEND = YES;
				GCC_C_LANGUAGE_STANDARD = gnu11;
				GCC_NO_COMMON_BLOCKS = YES;
				GCC_WARN_64_TO_32_BIT_CONVERSION = YES;
				GCC_WARN_ABOUT_RETURN_TYPE = YES_ERROR;
				GCC_WARN_UNDECLARED_SELECTOR = YES;
				GCC_WARN_UNINITIALIZED_AUTOS = YES_AGGRESSIVE;
				GCC_WARN_UNUSED_FUNCTION = YES;
				GCC_WARN_UNUSED_VARIABLE = YES;
				IPHONEOS_DEPLOYMENT_TARGET = 14.1;
				MTL_ENABLE_DEBUG_INFO = NO;
				MTL_FAST_MATH = YES;
				SDKROOT = iphoneos;
				VALIDATE_PRODUCT = YES;
			};
			name = Release;
		};
		82D0DB8A25398D9A00B242E0 /* Debug */ = {
			isa = XCBuildConfiguration;
			buildSettings = {
				ASSETCATALOG_COMPILER_APPICON_NAME = AppIcon;
				ASSETCATALOG_COMPILER_GLOBAL_ACCENT_COLOR_NAME = AccentColor;
				CODE_SIGN_STYLE = Automatic;
				DEVELOPMENT_TEAM = FT4LSYHHB4;
				FRAMEWORK_SEARCH_PATHS = (
					"$(inherited)",
					"$(PROJECT_DIR)/FtcMobileAdsExample",
				);
				INFOPLIST_FILE = FtcMobileAdsExample/Info.plist;
				IPHONEOS_DEPLOYMENT_TARGET = 10.0;
				LD_RUNPATH_SEARCH_PATHS = (
					"$(inherited)",
					"@executable_path/Frameworks",
				);
				OTHER_LDFLAGS = (
					"-ObjC",
					"-fobjc-arc",
				);
				PRODUCT_BUNDLE_IDENTIFIER = com.mob.FtcMobileAdsExample;
				PRODUCT_NAME = "$(TARGET_NAME)";
				TARGETED_DEVICE_FAMILY = "1,2";
			};
			name = Debug;
		};
		82D0DB8B25398D9A00B242E0 /* Release */ = {
			isa = XCBuildConfiguration;
			buildSettings = {
				ASSETCATALOG_COMPILER_APPICON_NAME = AppIcon;
				ASSETCATALOG_COMPILER_GLOBAL_ACCENT_COLOR_NAME = AccentColor;
				CODE_SIGN_STYLE = Automatic;
				DEVELOPMENT_TEAM = FT4LSYHHB4;
				FRAMEWORK_SEARCH_PATHS = (
					"$(inherited)",
					"$(PROJECT_DIR)/FtcMobileAdsExample",
				);
				INFOPLIST_FILE = FtcMobileAdsExample/Info.plist;
				IPHONEOS_DEPLOYMENT_TARGET = 10.0;
				LD_RUNPATH_SEARCH_PATHS = (
					"$(inherited)",
					"@executable_path/Frameworks",
				);
				OTHER_LDFLAGS = (
					"-ObjC",
					"-fobjc-arc",
				);
				PRODUCT_BUNDLE_IDENTIFIER = com.mob.FtcMobileAdsExample;
				PRODUCT_NAME = "$(TARGET_NAME)";
				TARGETED_DEVICE_FAMILY = "1,2";
			};
			name = Release;
		};
/* End XCBuildConfiguration section */

/* Begin XCConfigurationList section */
		82D0DB6B25398D9800B242E0 /* Build configuration list for PBXProject "FtcMobileAdsExample" */ = {
			isa = XCConfigurationList;
			buildConfigurations = (
				82D0DB8725398D9A00B242E0 /* Debug */,
				82D0DB8825398D9A00B242E0 /* Release */,
			);
			defaultConfigurationIsVisible = 0;
			defaultConfigurationName = Release;
		};
		82D0DB8925398D9A00B242E0 /* Build configuration list for PBXNativeTarget "FtcMobileAdsExample" */ = {
			isa = XCConfigurationList;
			buildConfigurations = (
				82D0DB8A25398D9A00B242E0 /* Debug */,
				82D0DB8B25398D9A00B242E0 /* Release */,
			);
			defaultConfigurationIsVisible = 0;
			defaultConfigurationName = Release;
		};
/* End XCConfigurationList section */
	};
	rootObject = 82D0DB6825398D9800B242E0 /* Project object */;
}
